
Microsoft Visual Studio Solution File, Format Version 12.00
# Visual Studio Version 17
VisualStudioVersion = 17.6.33815.320
MinimumVisualStudioVersion = 10.0.40219.1
Project("{FAE04EC0-301F-11D3-BF4B-00C04F79EFBC}") = "WifiName", "WifiName\WifiName.csproj", "{0A9CACF7-9DE5-46EE-A02D-1D78E997E5FB}"
EndProject
Global
	GlobalSection(SolutionConfigurationPlatforms) = preSolution
		Debug|Any CPU = Debug|Any CPU
		Release|Any CPU = Release|Any CPU
	EndGlobalSection
	GlobalSection(ProjectConfigurationPlatforms) = postSolution
		{0A9CACF7-9DE5-46EE-A02D-1D78E997E5FB}.Debug|Any CPU.ActiveCfg = Debug|Any CPU
		{0A9CACF7-9DE5-46EE-A02D-1D78E997E5FB}.Debug|Any CPU.Build.0 = Debug|Any CPU
		{0A9CACF7-9DE5-46EE-A02D-1D78E997E5FB}.Release|Any CPU.ActiveCfg = Release|Any CPU
		{0A9CACF7-9DE5-46EE-A02D-1D78E997E5FB}.Release|Any CPU.Build.0 = Release|Any CPU
	EndGlobalSection
	GlobalSection(SolutionProperties) = preSolution
		HideSolutionNode = FALSE
	EndGlobalSection
	GlobalSection(ExtensibilityGlobals) = postSolution
		SolutionGuid = {18808CC0-19CB-4D1C-9216-649AC2AE3CCB}
	EndGlobalSection
EndGlobal
